// !$*UTF8*$!
{
	archiveVersion = 1;
	classes = {
	};
	objectVersion = 46;
	objects = {

/* Begin PBXAggregateTarget section */
		B9CB571F0B15458DBD8BDD01 /* ZERO_CHECK */ = {
			isa = PBXAggregateTarget;
			buildConfigurationList = 878EA6C8AA7A4B9CA3342DD5 /* Build configuration list for PBXAggregateTarget "ZERO_CHECK" */;
			buildPhases = (
				52C5C59B0C31498EAAA1D12D /* CMake Rules */,
			);
			dependencies = (
			);
			name = ZERO_CHECK;
			productName = ZERO_CHECK;
		};
		C714708716324050B1E8E7F9 /* ALL_BUILD */ = {
			isa = PBXAggregateTarget;
			buildConfigurationList = C372F693EE3040F6923C1384 /* Build configuration list for PBXAggregateTarget "ALL_BUILD" */;
			buildPhases = (
				48073069EBDC4C2E9BF8166D /* CMake Rules */,
			);
			dependencies = (
				414611B1D7F040DF9E0D0E0D /* PBXTargetDependency */,
				E1FE159B982D4C779C9FD19A /* PBXTargetDependency */,
				2875F49F917B400DBEBFEC43 /* PBXTargetDependency */,
				881FBBE357BB4D1DA9667012 /* PBXTargetDependency */,
				8E3229686295471C9517F708 /* PBXTargetDependency */,
			);
			name = ALL_BUILD;
			productName = ALL_BUILD;
		};
/* End PBXAggregateTarget section */

/* Begin PBXBuildFile section */
		104D46130BEA4348994917E4 /* /Users/aaronsheah/Dropbox/Imperial/EE/4thYear/HighPerformanceComputing/hpce-2015-cw4/src/heat.cpp */ = {isa = PBXBuildFile; fileRef = E80C941B8F284DBB90856218 /* /Users/aaronsheah/Dropbox/Imperial/EE/4thYear/HighPerformanceComputing/hpce-2015-cw4/src/heat.cpp */; settings = {COMPILER_FLAGS = ""; }; };
		1880F6DD82F245758440FDCF /* /Users/aaronsheah/Dropbox/Imperial/EE/4thYear/HighPerformanceComputing/hpce-2015-cw4/include/heat.hpp */ = {isa = PBXBuildFile; fileRef = AA6A78B3B7B94E8AB99F72CB /* /Users/aaronsheah/Dropbox/Imperial/EE/4thYear/HighPerformanceComputing/hpce-2015-cw4/include/heat.hpp */; settings = {COMPILER_FLAGS = ""; }; };
		2136DAFD1FB1451491ED17B7 /* /Users/aaronsheah/Dropbox/Imperial/EE/4thYear/HighPerformanceComputing/hpce-2015-cw4/src/step_world.cpp */ = {isa = PBXBuildFile; fileRef = 19D894E291C44E28AF042BD8 /* /Users/aaronsheah/Dropbox/Imperial/EE/4thYear/HighPerformanceComputing/hpce-2015-cw4/src/step_world.cpp */; settings = {COMPILER_FLAGS = ""; }; };
		374E69DE6D0141759151C4C7 /* /Users/aaronsheah/Dropbox/Imperial/EE/4thYear/HighPerformanceComputing/hpce-2015-cw4/CMakeLists.txt */ = {isa = PBXBuildFile; fileRef = C843DB67B59A43909EA02F70 /* /Users/aaronsheah/Dropbox/Imperial/EE/4thYear/HighPerformanceComputing/hpce-2015-cw4/CMakeLists.txt */; settings = {COMPILER_FLAGS = ""; }; };
		436B62A520EB4ABC8D762024 /* /Users/aaronsheah/Dropbox/Imperial/EE/4thYear/HighPerformanceComputing/hpce-2015-cw4/CMakeLists.txt */ = {isa = PBXBuildFile; fileRef = D15F771FFB284F12B1436734 /* /Users/aaronsheah/Dropbox/Imperial/EE/4thYear/HighPerformanceComputing/hpce-2015-cw4/CMakeLists.txt */; settings = {COMPILER_FLAGS = ""; }; };
		4771449D898143439A37F8E8 /* /Users/aaronsheah/Dropbox/Imperial/EE/4thYear/HighPerformanceComputing/hpce-2015-cw4/src/test_opencl.cpp */ = {isa = PBXBuildFile; fileRef = EB4E568B3763433BB948579B /* /Users/aaronsheah/Dropbox/Imperial/EE/4thYear/HighPerformanceComputing/hpce-2015-cw4/src/test_opencl.cpp */; settings = {COMPILER_FLAGS = ""; }; };
		4F1E1419BCD142DAAAFFE534 /* /Users/aaronsheah/Dropbox/Imperial/EE/4thYear/HighPerformanceComputing/hpce-2015-cw4/src/make_world.cpp */ = {isa = PBXBuildFile; fileRef = 23CE0F7C6E5F4376870CB76D /* /Users/aaronsheah/Dropbox/Imperial/EE/4thYear/HighPerformanceComputing/hpce-2015-cw4/src/make_world.cpp */; settings = {COMPILER_FLAGS = ""; }; };
		52B384544A20415F8BD5EEB5 /* /Users/aaronsheah/Dropbox/Imperial/EE/4thYear/HighPerformanceComputing/hpce-2015-cw4/include/heat.hpp */ = {isa = PBXBuildFile; fileRef = 023B2EFEA8174CE3A161D327 /* /Users/aaronsheah/Dropbox/Imperial/EE/4thYear/HighPerformanceComputing/hpce-2015-cw4/include/heat.hpp */; settings = {COMPILER_FLAGS = ""; }; };
		566CE9BA69A34FA6AB1F07D7 /* /Users/aaronsheah/Dropbox/Imperial/EE/4thYear/HighPerformanceComputing/hpce-2015-cw4/CMakeLists.txt */ = {isa = PBXBuildFile; fileRef = 4342FBD89B7D4029A7EC3E8E /* /Users/aaronsheah/Dropbox/Imperial/EE/4thYear/HighPerformanceComputing/hpce-2015-cw4/CMakeLists.txt */; settings = {COMPILER_FLAGS = ""; }; };
		5D9779F54F3C47E0BA56B506 /* /Users/aaronsheah/Dropbox/Imperial/EE/4thYear/HighPerformanceComputing/hpce-2015-cw4/CMakeLists.txt */ = {isa = PBXBuildFile; fileRef = DFA7801ECDE04F31AC4BE86F /* /Users/aaronsheah/Dropbox/Imperial/EE/4thYear/HighPerformanceComputing/hpce-2015-cw4/CMakeLists.txt */; settings = {COMPILER_FLAGS = ""; }; };
		83E0987BD3364EF8B9641CE8 /* /Users/aaronsheah/Dropbox/Imperial/EE/4thYear/HighPerformanceComputing/hpce-2015-cw4/src/heat.cpp */ = {isa = PBXBuildFile; fileRef = 8BBA3BA389194063B31D3CAA /* /Users/aaronsheah/Dropbox/Imperial/EE/4thYear/HighPerformanceComputing/hpce-2015-cw4/src/heat.cpp */; settings = {COMPILER_FLAGS = ""; }; };
		848F60F1771448DD89873164 /* /Users/aaronsheah/Dropbox/Imperial/EE/4thYear/HighPerformanceComputing/hpce-2015-cw4/src/render_world.cpp */ = {isa = PBXBuildFile; fileRef = 8C5C7AB3C580494BB02AADC2 /* /Users/aaronsheah/Dropbox/Imperial/EE/4thYear/HighPerformanceComputing/hpce-2015-cw4/src/render_world.cpp */; settings = {COMPILER_FLAGS = ""; }; };
		9ED0644BF01A41C980CE6E22 /* /Users/aaronsheah/Dropbox/Imperial/EE/4thYear/HighPerformanceComputing/hpce-2015-cw4/include/heat.hpp */ = {isa = PBXBuildFile; fileRef = AD28E4FAAC7942708D3FDEBB /* /Users/aaronsheah/Dropbox/Imperial/EE/4thYear/HighPerformanceComputing/hpce-2015-cw4/include/heat.hpp */; settings = {COMPILER_FLAGS = ""; }; };
		E699E7A1DE75420E9145591C /* /Users/aaronsheah/Dropbox/Imperial/EE/4thYear/HighPerformanceComputing/hpce-2015-cw4/src/heat.cpp */ = {isa = PBXBuildFile; fileRef = C49726E9436D4B1D9092A173 /* /Users/aaronsheah/Dropbox/Imperial/EE/4thYear/HighPerformanceComputing/hpce-2015-cw4/src/heat.cpp */; settings = {COMPILER_FLAGS = ""; }; };
		EA5259FE6F964B5F8042D4F0 /* /Users/aaronsheah/Dropbox/Imperial/EE/4thYear/HighPerformanceComputing/hpce-2015-cw4/include/heat.hpp */ = {isa = PBXBuildFile; fileRef = 2311E358F3FC465BBEE582BE /* /Users/aaronsheah/Dropbox/Imperial/EE/4thYear/HighPerformanceComputing/hpce-2015-cw4/include/heat.hpp */; settings = {COMPILER_FLAGS = ""; }; };
		FF388F762E994AD7A873D0B9 /* /Users/aaronsheah/Dropbox/Imperial/EE/4thYear/HighPerformanceComputing/hpce-2015-cw4/src/heat.cpp */ = {isa = PBXBuildFile; fileRef = 678D284428AD42A8AD18B063 /* /Users/aaronsheah/Dropbox/Imperial/EE/4thYear/HighPerformanceComputing/hpce-2015-cw4/src/heat.cpp */; settings = {COMPILER_FLAGS = ""; }; };
/* End PBXBuildFile section */

/* Begin PBXBuildStyle section */
		15D52EEFE53746CA93217C22 /* RelWithDebInfo */ = {
			isa = PBXBuildStyle;
			buildSettings = {
				COPY_PHASE_STRIP = NO;
			};
			name = RelWithDebInfo;
		};
		21E419496C9A44CA9F332A7D = {
			isa = PBXBuildStyle;
		};
		280D9B2732D3441481A0EB82 /* Release */ = {
			isa = PBXBuildStyle;
			buildSettings = {
				COPY_PHASE_STRIP = NO;
			};
			name = Release;
		};
		2C6F5C9B6D374E69B4BF2F0C /* Debug */ = {
			isa = PBXBuildStyle;
			buildSettings = {
				COPY_PHASE_STRIP = NO;
			};
			name = Debug;
		};
		5D88D71C9D4145C2B3E89A4C /* MinSizeRel */ = {
			isa = PBXBuildStyle;
			buildSettings = {
				COPY_PHASE_STRIP = NO;
			};
			name = MinSizeRel;
		};
/* End PBXBuildStyle section */

/* Begin PBXContainerItemProxy section */
		0ECAC98C78104D2F9B941CC1 /* PBXContainerItemProxy */ = {
			isa = PBXContainerItemProxy;
			containerPortal = C980B2D19DF54225AF1E53C1 /* Project object */;
			proxyType = 1;
			remoteGlobalIDString = DE4D04AC6FA7419BBFF7326B;
			remoteInfo = make_world;
		};
		1AEDD106EA524ADA8D4CB5E6 /* PBXContainerItemProxy */ = {
			isa = PBXContainerItemProxy;
			containerPortal = C980B2D19DF54225AF1E53C1 /* Project object */;
			proxyType = 1;
			remoteGlobalIDString = B9CB571F0B15458DBD8BDD01;
			remoteInfo = ZERO_CHECK;
		};
		395B5D6CE04146F1B0EB9989 /* PBXContainerItemProxy */ = {
			isa = PBXContainerItemProxy;
			containerPortal = C980B2D19DF54225AF1E53C1 /* Project object */;
			proxyType = 1;
			remoteGlobalIDString = B9CB571F0B15458DBD8BDD01;
			remoteInfo = ZERO_CHECK;
		};
		5E95245433F348AD89FB370D /* PBXContainerItemProxy */ = {
			isa = PBXContainerItemProxy;
			containerPortal = C980B2D19DF54225AF1E53C1 /* Project object */;
			proxyType = 1;
			remoteGlobalIDString = B9CB571F0B15458DBD8BDD01;
			remoteInfo = ZERO_CHECK;
		};
		62138C03C2D340A58F3726A5 /* PBXContainerItemProxy */ = {
			isa = PBXContainerItemProxy;
			containerPortal = C980B2D19DF54225AF1E53C1 /* Project object */;
			proxyType = 1;
			remoteGlobalIDString = D3A7EB5479B640B2B80A1C6F;
			remoteInfo = test_opencl;
		};
		7A5EB3D21EDD4A9D8771A8E4 /* PBXContainerItemProxy */ = {
			isa = PBXContainerItemProxy;
			containerPortal = C980B2D19DF54225AF1E53C1 /* Project object */;
			proxyType = 1;
			remoteGlobalIDString = B9CB571F0B15458DBD8BDD01;
			remoteInfo = ZERO_CHECK;
		};
		96FC4489FD5C42FCBD19BA31 /* PBXContainerItemProxy */ = {
			isa = PBXContainerItemProxy;
			containerPortal = C980B2D19DF54225AF1E53C1 /* Project object */;
			proxyType = 1;
			remoteGlobalIDString = B9CB571F0B15458DBD8BDD01;
			remoteInfo = ZERO_CHECK;
		};
		C945FCFAD62E4306A66D6772 /* PBXContainerItemProxy */ = {
			isa = PBXContainerItemProxy;
			containerPortal = C980B2D19DF54225AF1E53C1 /* Project object */;
			proxyType = 1;
			remoteGlobalIDString = 61EB34A29E124E8081F98268;
			remoteInfo = render_world;
		};
		E41A39B9E66E45178DFEDA91 /* PBXContainerItemProxy */ = {
			isa = PBXContainerItemProxy;
			containerPortal = C980B2D19DF54225AF1E53C1 /* Project object */;
			proxyType = 1;
			remoteGlobalIDString = E8E3DE8F36FE4995AB62F465;
			remoteInfo = step_world;
		};
/* End PBXContainerItemProxy section */

/* Begin PBXFileReference section */
		023B2EFEA8174CE3A161D327 /* /Users/aaronsheah/Dropbox/Imperial/EE/4thYear/HighPerformanceComputing/hpce-2015-cw4/include/heat.hpp */ = {isa = PBXFileReference; explicitFileType = sourcecode.cpp.h; fileEncoding = 4; name = heat.hpp; path = include/heat.hpp; sourceTree = SOURCE_ROOT; };
		0FA70600251B4C61B603F9E1 /* make_world */ = {isa = PBXFileReference; explicitFileType = "compiled.mach-o.executable"; path = make_world; refType = 0; sourceTree = BUILT_PRODUCTS_DIR; };
		19D894E291C44E28AF042BD8 /* /Users/aaronsheah/Dropbox/Imperial/EE/4thYear/HighPerformanceComputing/hpce-2015-cw4/src/step_world.cpp */ = {isa = PBXFileReference; explicitFileType = sourcecode.cpp.cpp; fileEncoding = 4; name = step_world.cpp; path = src/step_world.cpp; sourceTree = SOURCE_ROOT; };
		21A201E8819043C6B667EE6C /* step_world */ = {isa = PBXFileReference; explicitFileType = "compiled.mach-o.executable"; path = step_world; refType = 0; sourceTree = BUILT_PRODUCTS_DIR; };
		2311E358F3FC465BBEE582BE /* /Users/aaronsheah/Dropbox/Imperial/EE/4thYear/HighPerformanceComputing/hpce-2015-cw4/include/heat.hpp */ = {isa = PBXFileReference; explicitFileType = sourcecode.cpp.h; fileEncoding = 4; name = heat.hpp; path = include/heat.hpp; sourceTree = SOURCE_ROOT; };
		23CE0F7C6E5F4376870CB76D /* /Users/aaronsheah/Dropbox/Imperial/EE/4thYear/HighPerformanceComputing/hpce-2015-cw4/src/make_world.cpp */ = {isa = PBXFileReference; explicitFileType = sourcecode.cpp.cpp; fileEncoding = 4; name = make_world.cpp; path = src/make_world.cpp; sourceTree = SOURCE_ROOT; };
		4342FBD89B7D4029A7EC3E8E /* /Users/aaronsheah/Dropbox/Imperial/EE/4thYear/HighPerformanceComputing/hpce-2015-cw4/CMakeLists.txt */ = {isa = PBXFileReference; explicitFileType = sourcecode.text; fileEncoding = 4; name = CMakeLists.txt; path = CMakeLists.txt; sourceTree = SOURCE_ROOT; };
		678D284428AD42A8AD18B063 /* /Users/aaronsheah/Dropbox/Imperial/EE/4thYear/HighPerformanceComputing/hpce-2015-cw4/src/heat.cpp */ = {isa = PBXFileReference; explicitFileType = sourcecode.cpp.cpp; fileEncoding = 4; name = heat.cpp; path = src/heat.cpp; sourceTree = SOURCE_ROOT; };
		8BBA3BA389194063B31D3CAA /* /Users/aaronsheah/Dropbox/Imperial/EE/4thYear/HighPerformanceComputing/hpce-2015-cw4/src/heat.cpp */ = {isa = PBXFileReference; explicitFileType = sourcecode.cpp.cpp; fileEncoding = 4; name = heat.cpp; path = src/heat.cpp; sourceTree = SOURCE_ROOT; };
		8C5C7AB3C580494BB02AADC2 /* /Users/aaronsheah/Dropbox/Imperial/EE/4thYear/HighPerformanceComputing/hpce-2015-cw4/src/render_world.cpp */ = {isa = PBXFileReference; explicitFileType = sourcecode.cpp.cpp; fileEncoding = 4; name = render_world.cpp; path = src/render_world.cpp; sourceTree = SOURCE_ROOT; };
		AA6A78B3B7B94E8AB99F72CB /* /Users/aaronsheah/Dropbox/Imperial/EE/4thYear/HighPerformanceComputing/hpce-2015-cw4/include/heat.hpp */ = {isa = PBXFileReference; explicitFileType = sourcecode.cpp.h; fileEncoding = 4; name = heat.hpp; path = include/heat.hpp; sourceTree = SOURCE_ROOT; };
		AD28E4FAAC7942708D3FDEBB /* /Users/aaronsheah/Dropbox/Imperial/EE/4thYear/HighPerformanceComputing/hpce-2015-cw4/include/heat.hpp */ = {isa = PBXFileReference; explicitFileType = sourcecode.cpp.h; fileEncoding = 4; name = heat.hpp; path = include/heat.hpp; sourceTree = SOURCE_ROOT; };
		C49726E9436D4B1D9092A173 /* /Users/aaronsheah/Dropbox/Imperial/EE/4thYear/HighPerformanceComputing/hpce-2015-cw4/src/heat.cpp */ = {isa = PBXFileReference; explicitFileType = sourcecode.cpp.cpp; fileEncoding = 4; name = heat.cpp; path = src/heat.cpp; sourceTree = SOURCE_ROOT; };
		C843DB67B59A43909EA02F70 /* /Users/aaronsheah/Dropbox/Imperial/EE/4thYear/HighPerformanceComputing/hpce-2015-cw4/CMakeLists.txt */ = {isa = PBXFileReference; explicitFileType = sourcecode.text; fileEncoding = 4; name = CMakeLists.txt; path = CMakeLists.txt; sourceTree = SOURCE_ROOT; };
		D15F771FFB284F12B1436734 /* /Users/aaronsheah/Dropbox/Imperial/EE/4thYear/HighPerformanceComputing/hpce-2015-cw4/CMakeLists.txt */ = {isa = PBXFileReference; explicitFileType = sourcecode.text; fileEncoding = 4; name = CMakeLists.txt; path = CMakeLists.txt; sourceTree = SOURCE_ROOT; };
		D4E9C27AFB3D4A3BB8306A30 /* /Users/aaronsheah/Dropbox/Imperial/EE/4thYear/HighPerformanceComputing/hpce-2015-cw4/CMakeLists.txt */ = {isa = PBXFileReference; explicitFileType = sourcecode.text; fileEncoding = 4; name = CMakeLists.txt; path = CMakeLists.txt; sourceTree = SOURCE_ROOT; };
		DAB72C132C0D4ECDADA1B872 /* /Users/aaronsheah/Dropbox/Imperial/EE/4thYear/HighPerformanceComputing/hpce-2015-cw4/CMakeLists.txt */ = {isa = PBXFileReference; explicitFileType = sourcecode.text; fileEncoding = 4; name = CMakeLists.txt; path = CMakeLists.txt; sourceTree = SOURCE_ROOT; };
		DBFCFDE3689348E48127FF43 /* render_world */ = {isa = PBXFileReference; explicitFileType = "compiled.mach-o.executable"; path = render_world; refType = 0; sourceTree = BUILT_PRODUCTS_DIR; };
		DFA7801ECDE04F31AC4BE86F /* /Users/aaronsheah/Dropbox/Imperial/EE/4thYear/HighPerformanceComputing/hpce-2015-cw4/CMakeLists.txt */ = {isa = PBXFileReference; explicitFileType = sourcecode.text; fileEncoding = 4; name = CMakeLists.txt; path = CMakeLists.txt; sourceTree = SOURCE_ROOT; };
		E80C941B8F284DBB90856218 /* /Users/aaronsheah/Dropbox/Imperial/EE/4thYear/HighPerformanceComputing/hpce-2015-cw4/src/heat.cpp */ = {isa = PBXFileReference; explicitFileType = sourcecode.cpp.cpp; fileEncoding = 4; name = heat.cpp; path = src/heat.cpp; sourceTree = SOURCE_ROOT; };
		EB4E568B3763433BB948579B /* /Users/aaronsheah/Dropbox/Imperial/EE/4thYear/HighPerformanceComputing/hpce-2015-cw4/src/test_opencl.cpp */ = {isa = PBXFileReference; explicitFileType = sourcecode.cpp.cpp; fileEncoding = 4; name = test_opencl.cpp; path = src/test_opencl.cpp; sourceTree = SOURCE_ROOT; };
		FB67E9C749864553AF4CC04B /* test_opencl */ = {isa = PBXFileReference; explicitFileType = "compiled.mach-o.executable"; path = test_opencl; refType = 0; sourceTree = BUILT_PRODUCTS_DIR; };
/* End PBXFileReference section */

/* Begin PBXGroup section */
		0052B48B4A0F41E6B539E89B /* Source Files */ = {
			isa = PBXGroup;
			children = (
				E80C941B8F284DBB90856218 /* /Users/aaronsheah/Dropbox/Imperial/EE/4thYear/HighPerformanceComputing/hpce-2015-cw4/src/heat.cpp */,
				19D894E291C44E28AF042BD8 /* /Users/aaronsheah/Dropbox/Imperial/EE/4thYear/HighPerformanceComputing/hpce-2015-cw4/src/step_world.cpp */,
			);
			name = "Source Files";
			sourceTree = "<group>";
		};
		066FCD92A3E44EDD86519F44 /* Header Files */ = {
			isa = PBXGroup;
			children = (
				2311E358F3FC465BBEE582BE /* /Users/aaronsheah/Dropbox/Imperial/EE/4thYear/HighPerformanceComputing/hpce-2015-cw4/include/heat.hpp */,
			);
			name = "Header Files";
			sourceTree = "<group>";
		};
		091449CE9A4E456D844457A4 /* Header Files */ = {
			isa = PBXGroup;
			children = (
				AA6A78B3B7B94E8AB99F72CB /* /Users/aaronsheah/Dropbox/Imperial/EE/4thYear/HighPerformanceComputing/hpce-2015-cw4/include/heat.hpp */,
			);
			name = "Header Files";
			sourceTree = "<group>";
		};
		22AE9D8C79AB495999E888C6 /* Source Files */ = {
			isa = PBXGroup;
			children = (
				8BBA3BA389194063B31D3CAA /* /Users/aaronsheah/Dropbox/Imperial/EE/4thYear/HighPerformanceComputing/hpce-2015-cw4/src/heat.cpp */,
				8C5C7AB3C580494BB02AADC2 /* /Users/aaronsheah/Dropbox/Imperial/EE/4thYear/HighPerformanceComputing/hpce-2015-cw4/src/render_world.cpp */,
			);
			name = "Source Files";
			sourceTree = "<group>";
		};
		2765769DE0434E9B87774039 /* render_world */ = {
			isa = PBXGroup;
			children = (
				7A7739D6C123472FA296842E /* Header Files */,
				22AE9D8C79AB495999E888C6 /* Source Files */,
				DFA7801ECDE04F31AC4BE86F /* /Users/aaronsheah/Dropbox/Imperial/EE/4thYear/HighPerformanceComputing/hpce-2015-cw4/CMakeLists.txt */,
			);
			name = render_world;
			sourceTree = "<group>";
		};
		3957FBC882E44964A7FDF58F /* CMake Rules */ = {
			isa = PBXGroup;
			children = (
			);
			name = "CMake Rules";
			sourceTree = "<group>";
		};
		68BC7784E6954E47B88903A6 = {
			isa = PBXGroup;
			children = (
				7105154A014C46FE9D966C08 /* Sources */,
				75CBAE48692348AD97C9E35A /* Resources */,
				E6ED29FBB1EA44B795267EF4 /* Products */,
			);
			sourceTree = "<group>";
		};
		68D7E60B1CA74F899D0F3075 /* Header Files */ = {
			isa = PBXGroup;
			children = (
				AD28E4FAAC7942708D3FDEBB /* /Users/aaronsheah/Dropbox/Imperial/EE/4thYear/HighPerformanceComputing/hpce-2015-cw4/include/heat.hpp */,
			);
			name = "Header Files";
			sourceTree = "<group>";
		};
		7105154A014C46FE9D966C08 /* Sources */ = {
			isa = PBXGroup;
			children = (
				CD43223F7E6046A19E3B85A5 /* test_opencl */,
				AE555D328C374C7CA00F943F /* ALL_BUILD */,
				72A0AF5C41A64D92AD0FC432 /* ZERO_CHECK */,
				2765769DE0434E9B87774039 /* render_world */,
				B62A3773C4A64500955F9047 /* make_world */,
				DDE485CC9A3444EBA306B00C /* step_world */,
			);
			name = Sources;
			sourceTree = "<group>";
		};
		72A0AF5C41A64D92AD0FC432 /* ZERO_CHECK */ = {
			isa = PBXGroup;
			children = (
				3957FBC882E44964A7FDF58F /* CMake Rules */,
				DAB72C132C0D4ECDADA1B872 /* /Users/aaronsheah/Dropbox/Imperial/EE/4thYear/HighPerformanceComputing/hpce-2015-cw4/CMakeLists.txt */,
			);
			name = ZERO_CHECK;
			sourceTree = "<group>";
		};
		75CBAE48692348AD97C9E35A /* Resources */ = {
			isa = PBXGroup;
			children = (
			);
			name = Resources;
			sourceTree = "<group>";
		};
		7A7739D6C123472FA296842E /* Header Files */ = {
			isa = PBXGroup;
			children = (
				023B2EFEA8174CE3A161D327 /* /Users/aaronsheah/Dropbox/Imperial/EE/4thYear/HighPerformanceComputing/hpce-2015-cw4/include/heat.hpp */,
			);
			name = "Header Files";
			sourceTree = "<group>";
		};
		88091715D69848FB9DB8F726 /* Source Files */ = {
			isa = PBXGroup;
			children = (
				678D284428AD42A8AD18B063 /* /Users/aaronsheah/Dropbox/Imperial/EE/4thYear/HighPerformanceComputing/hpce-2015-cw4/src/heat.cpp */,
				EB4E568B3763433BB948579B /* /Users/aaronsheah/Dropbox/Imperial/EE/4thYear/HighPerformanceComputing/hpce-2015-cw4/src/test_opencl.cpp */,
			);
			name = "Source Files";
			sourceTree = "<group>";
		};
		AE555D328C374C7CA00F943F /* ALL_BUILD */ = {
			isa = PBXGroup;
			children = (
				C2B99F7EEBEB409981A551A0 /* CMake Rules */,
				D4E9C27AFB3D4A3BB8306A30 /* /Users/aaronsheah/Dropbox/Imperial/EE/4thYear/HighPerformanceComputing/hpce-2015-cw4/CMakeLists.txt */,
			);
			name = ALL_BUILD;
			sourceTree = "<group>";
		};
		AFFEC1E2409E432DA6230C68 /* Source Files */ = {
			isa = PBXGroup;
			children = (
				C49726E9436D4B1D9092A173 /* /Users/aaronsheah/Dropbox/Imperial/EE/4thYear/HighPerformanceComputing/hpce-2015-cw4/src/heat.cpp */,
				23CE0F7C6E5F4376870CB76D /* /Users/aaronsheah/Dropbox/Imperial/EE/4thYear/HighPerformanceComputing/hpce-2015-cw4/src/make_world.cpp */,
			);
			name = "Source Files";
			sourceTree = "<group>";
		};
		B62A3773C4A64500955F9047 /* make_world */ = {
			isa = PBXGroup;
			children = (
				68D7E60B1CA74F899D0F3075 /* Header Files */,
				AFFEC1E2409E432DA6230C68 /* Source Files */,
				4342FBD89B7D4029A7EC3E8E /* /Users/aaronsheah/Dropbox/Imperial/EE/4thYear/HighPerformanceComputing/hpce-2015-cw4/CMakeLists.txt */,
			);
			name = make_world;
			sourceTree = "<group>";
		};
		C2B99F7EEBEB409981A551A0 /* CMake Rules */ = {
			isa = PBXGroup;
			children = (
			);
			name = "CMake Rules";
			sourceTree = "<group>";
		};
		CD43223F7E6046A19E3B85A5 /* test_opencl */ = {
			isa = PBXGroup;
			children = (
				066FCD92A3E44EDD86519F44 /* Header Files */,
				88091715D69848FB9DB8F726 /* Source Files */,
				C843DB67B59A43909EA02F70 /* /Users/aaronsheah/Dropbox/Imperial/EE/4thYear/HighPerformanceComputing/hpce-2015-cw4/CMakeLists.txt */,
			);
			name = test_opencl;
			sourceTree = "<group>";
		};
		DDE485CC9A3444EBA306B00C /* step_world */ = {
			isa = PBXGroup;
			children = (
				091449CE9A4E456D844457A4 /* Header Files */,
				0052B48B4A0F41E6B539E89B /* Source Files */,
				D15F771FFB284F12B1436734 /* /Users/aaronsheah/Dropbox/Imperial/EE/4thYear/HighPerformanceComputing/hpce-2015-cw4/CMakeLists.txt */,
			);
			name = step_world;
			sourceTree = "<group>";
		};
		E6ED29FBB1EA44B795267EF4 /* Products */ = {
			isa = PBXGroup;
			children = (
				0FA70600251B4C61B603F9E1 /* make_world */,
				DBFCFDE3689348E48127FF43 /* render_world */,
				21A201E8819043C6B667EE6C /* step_world */,
				FB67E9C749864553AF4CC04B /* test_opencl */,
			);
			name = Products;
			sourceTree = "<group>";
		};
/* End PBXGroup section */

/* Begin PBXNativeTarget section */
		61EB34A29E124E8081F98268 /* render_world */ = {
			isa = PBXNativeTarget;
			buildConfigurationList = D64BABB080454806BF24F3BC /* Build configuration list for PBXNativeTarget "render_world" */;
			buildPhases = (
				7AB6A2B615DD448ABADF1D8C /* Sources */,
			);
			buildRules = (
			);
			dependencies = (
				51E2632177C24FB3AA6A8DBA /* PBXTargetDependency */,
			);
			name = render_world;
			productName = render_world;
			productReference = DBFCFDE3689348E48127FF43 /* render_world */;
			productType = "com.apple.product-type.tool";
		};
		D3A7EB5479B640B2B80A1C6F /* test_opencl */ = {
			isa = PBXNativeTarget;
			buildConfigurationList = 3926ED84630E496CAA889B3A /* Build configuration list for PBXNativeTarget "test_opencl" */;
			buildPhases = (
				A04A13FE60974224AD71C225 /* Sources */,
			);
			buildRules = (
			);
			dependencies = (
				9EB51BF0F7EC4BDB8E805F9A /* PBXTargetDependency */,
			);
			name = test_opencl;
			productName = test_opencl;
			productReference = FB67E9C749864553AF4CC04B /* test_opencl */;
			productType = "com.apple.product-type.tool";
		};
		DE4D04AC6FA7419BBFF7326B /* make_world */ = {
			isa = PBXNativeTarget;
			buildConfigurationList = 0A29B9FB755C4F9D8AC07C1B /* Build configuration list for PBXNativeTarget "make_world" */;
			buildPhases = (
				0AF47CBA7CB04A798F5B78AB /* Sources */,
			);
			buildRules = (
			);
			dependencies = (
				15A79B5A03564A82BB694FFF /* PBXTargetDependency */,
			);
			name = make_world;
			productName = make_world;
			productReference = 0FA70600251B4C61B603F9E1 /* make_world */;
			productType = "com.apple.product-type.tool";
		};
		E8E3DE8F36FE4995AB62F465 /* step_world */ = {
			isa = PBXNativeTarget;
			buildConfigurationList = A2C745AAD17A4110BDD6C747 /* Build configuration list for PBXNativeTarget "step_world" */;
			buildPhases = (
				8884805F6CB24813B813B241 /* Sources */,
			);
			buildRules = (
			);
			dependencies = (
				7789E01352644BE097AF578A /* PBXTargetDependency */,
			);
			name = step_world;
			productName = step_world;
			productReference = 21A201E8819043C6B667EE6C /* step_world */;
			productType = "com.apple.product-type.tool";
		};
/* End PBXNativeTarget section */

/* Begin PBXProject section */
		C980B2D19DF54225AF1E53C1 /* Project object */ = {
			isa = PBXProject;
			attributes = {
				BuildIndependentTargetsInParallel = YES;
			};
			buildConfigurationList = 8BD55697F4C7415798F1EBAC /* Build configuration list for PBXProject "HPCE-2015-CW4" */;
			buildSettings = {
			};
			buildStyles = (
				2C6F5C9B6D374E69B4BF2F0C /* Debug */,
				280D9B2732D3441481A0EB82 /* Release */,
				5D88D71C9D4145C2B3E89A4C /* MinSizeRel */,
				15D52EEFE53746CA93217C22 /* RelWithDebInfo */,
			);
			compatibilityVersion = "Xcode 3.2";
			hasScannedForEncodings = 0;
			mainGroup = 68BC7784E6954E47B88903A6;
			projectDirPath = ../;
			projectRoot = "";
			targets = (
				C714708716324050B1E8E7F9 /* ALL_BUILD */,
				B9CB571F0B15458DBD8BDD01 /* ZERO_CHECK */,
				DE4D04AC6FA7419BBFF7326B /* make_world */,
				61EB34A29E124E8081F98268 /* render_world */,
				E8E3DE8F36FE4995AB62F465 /* step_world */,
				D3A7EB5479B640B2B80A1C6F /* test_opencl */,
			);
		};
/* End PBXProject section */

/* Begin PBXShellScriptBuildPhase section */
		48073069EBDC4C2E9BF8166D /* CMake Rules */ = {
			isa = PBXShellScriptBuildPhase;
			buildActionMask = 2147483647;
			files = (
			);
			name = "CMake Rules";
			runOnlyForDeploymentPostprocessing = 0;
			shellPath = /bin/sh;
			shellScript = "make -C /Users/aaronsheah/Dropbox/Imperial/EE/4thYear/HighPerformanceComputing/hpce-2015-cw4/bin -f /Users/aaronsheah/Dropbox/Imperial/EE/4thYear/HighPerformanceComputing/hpce-2015-cw4/bin/CMakeScripts/ALL_BUILD_cmakeRulesBuildPhase.make$CONFIGURATION all";
			showEnvVarsInLog = 0;
		};
		52C5C59B0C31498EAAA1D12D /* CMake Rules */ = {
			isa = PBXShellScriptBuildPhase;
			buildActionMask = 2147483647;
			files = (
			);
			name = "CMake Rules";
			runOnlyForDeploymentPostprocessing = 0;
			shellPath = /bin/sh;
			shellScript = "make -C /Users/aaronsheah/Dropbox/Imperial/EE/4thYear/HighPerformanceComputing/hpce-2015-cw4/bin -f /Users/aaronsheah/Dropbox/Imperial/EE/4thYear/HighPerformanceComputing/hpce-2015-cw4/bin/CMakeScripts/ZERO_CHECK_cmakeRulesBuildPhase.make$CONFIGURATION all";
			showEnvVarsInLog = 0;
		};
		6704D6FF43FF45AEB9269189 = {
			isa = PBXShellScriptBuildPhase;
			buildActionMask = 2147483647;
			files = (
			);
			inputPaths = (
			);
			outputPaths = (
			);
			runOnlyForDeploymentPostprocessing = 0;
			shellPath = /bin/sh;
			shellScript = "# shell script goes here
exit 0";
			showEnvVarsInLog = 0;
		};
		E1382B138CBF4003AD86CF9C = {
			isa = PBXShellScriptBuildPhase;
			buildActionMask = 2147483647;
			files = (
			);
			inputPaths = (
			);
			outputPaths = (
			);
			runOnlyForDeploymentPostprocessing = 0;
			shellPath = /bin/sh;
			shellScript = "# shell script goes here
exit 0";
			showEnvVarsInLog = 0;
		};
/* End PBXShellScriptBuildPhase section */

/* Begin PBXSourcesBuildPhase section */
		0AF47CBA7CB04A798F5B78AB /* Sources */ = {
			isa = PBXSourcesBuildPhase;
			buildActionMask = 2147483647;
			files = (
				E699E7A1DE75420E9145591C /* /Users/aaronsheah/Dropbox/Imperial/EE/4thYear/HighPerformanceComputing/hpce-2015-cw4/src/heat.cpp */,
				4F1E1419BCD142DAAAFFE534 /* /Users/aaronsheah/Dropbox/Imperial/EE/4thYear/HighPerformanceComputing/hpce-2015-cw4/src/make_world.cpp */,
			);
			runOnlyForDeploymentPostprocessing = 0;
		};
		7AB6A2B615DD448ABADF1D8C /* Sources */ = {
			isa = PBXSourcesBuildPhase;
			buildActionMask = 2147483647;
			files = (
				83E0987BD3364EF8B9641CE8 /* /Users/aaronsheah/Dropbox/Imperial/EE/4thYear/HighPerformanceComputing/hpce-2015-cw4/src/heat.cpp */,
				848F60F1771448DD89873164 /* /Users/aaronsheah/Dropbox/Imperial/EE/4thYear/HighPerformanceComputing/hpce-2015-cw4/src/render_world.cpp */,
			);
			runOnlyForDeploymentPostprocessing = 0;
		};
		8884805F6CB24813B813B241 /* Sources */ = {
			isa = PBXSourcesBuildPhase;
			buildActionMask = 2147483647;
			files = (
				104D46130BEA4348994917E4 /* /Users/aaronsheah/Dropbox/Imperial/EE/4thYear/HighPerformanceComputing/hpce-2015-cw4/src/heat.cpp */,
				2136DAFD1FB1451491ED17B7 /* /Users/aaronsheah/Dropbox/Imperial/EE/4thYear/HighPerformanceComputing/hpce-2015-cw4/src/step_world.cpp */,
			);
			runOnlyForDeploymentPostprocessing = 0;
		};
		A04A13FE60974224AD71C225 /* Sources */ = {
			isa = PBXSourcesBuildPhase;
			buildActionMask = 2147483647;
			files = (
				FF388F762E994AD7A873D0B9 /* /Users/aaronsheah/Dropbox/Imperial/EE/4thYear/HighPerformanceComputing/hpce-2015-cw4/src/heat.cpp */,
				4771449D898143439A37F8E8 /* /Users/aaronsheah/Dropbox/Imperial/EE/4thYear/HighPerformanceComputing/hpce-2015-cw4/src/test_opencl.cpp */,
			);
			runOnlyForDeploymentPostprocessing = 0;
		};
/* End PBXSourcesBuildPhase section */

/* Begin PBXTargetDependency section */
		15A79B5A03564A82BB694FFF /* PBXTargetDependency */ = {
			isa = PBXTargetDependency;
			target = B9CB571F0B15458DBD8BDD01 /* ZERO_CHECK */;
			targetProxy = 7A5EB3D21EDD4A9D8771A8E4 /* PBXContainerItemProxy */;
		};
		2875F49F917B400DBEBFEC43 /* PBXTargetDependency */ = {
			isa = PBXTargetDependency;
			target = 61EB34A29E124E8081F98268 /* render_world */;
			targetProxy = C945FCFAD62E4306A66D6772 /* PBXContainerItemProxy */;
		};
		414611B1D7F040DF9E0D0E0D /* PBXTargetDependency */ = {
			isa = PBXTargetDependency;
			target = B9CB571F0B15458DBD8BDD01 /* ZERO_CHECK */;
			targetProxy = 1AEDD106EA524ADA8D4CB5E6 /* PBXContainerItemProxy */;
		};
		51E2632177C24FB3AA6A8DBA /* PBXTargetDependency */ = {
			isa = PBXTargetDependency;
			target = B9CB571F0B15458DBD8BDD01 /* ZERO_CHECK */;
			targetProxy = 96FC4489FD5C42FCBD19BA31 /* PBXContainerItemProxy */;
		};
		7789E01352644BE097AF578A /* PBXTargetDependency */ = {
			isa = PBXTargetDependency;
			target = B9CB571F0B15458DBD8BDD01 /* ZERO_CHECK */;
			targetProxy = 395B5D6CE04146F1B0EB9989 /* PBXContainerItemProxy */;
		};
		881FBBE357BB4D1DA9667012 /* PBXTargetDependency */ = {
			isa = PBXTargetDependency;
			target = DE4D04AC6FA7419BBFF7326B /* make_world */;
			targetProxy = 0ECAC98C78104D2F9B941CC1 /* PBXContainerItemProxy */;
		};
		8E3229686295471C9517F708 /* PBXTargetDependency */ = {
			isa = PBXTargetDependency;
			target = E8E3DE8F36FE4995AB62F465 /* step_world */;
			targetProxy = E41A39B9E66E45178DFEDA91 /* PBXContainerItemProxy */;
		};
		9EB51BF0F7EC4BDB8E805F9A /* PBXTargetDependency */ = {
			isa = PBXTargetDependency;
			target = B9CB571F0B15458DBD8BDD01 /* ZERO_CHECK */;
			targetProxy = 5E95245433F348AD89FB370D /* PBXContainerItemProxy */;
		};
		E1FE159B982D4C779C9FD19A /* PBXTargetDependency */ = {
			isa = PBXTargetDependency;
			target = D3A7EB5479B640B2B80A1C6F /* test_opencl */;
			targetProxy = 62138C03C2D340A58F3726A5 /* PBXContainerItemProxy */;
		};
/* End PBXTargetDependency section */

/* Begin XCBuildConfiguration section */
		02DCFF261BBF4D0EB9F0EBAF /* RelWithDebInfo */ = {
			isa = XCBuildConfiguration;
			buildSettings = {
				COMBINE_HIDPI_IMAGES = YES;
				GCC_GENERATE_DEBUGGING_SYMBOLS = YES;
				GCC_INLINES_ARE_PRIVATE_EXTERN = NO;
				GCC_OPTIMIZATION_LEVEL = 0;
				GCC_PREPROCESSOR_DEFINITIONS = ("'CMAKE_INTDIR=\"$(CONFIGURATION)$(EFFECTIVE_PLATFORM_NAME)\"'", );
				GCC_SYMBOLS_PRIVATE_EXTERN = NO;
				HEADER_SEARCH_PATHS = ("/Users/aaronsheah/Dropbox/Imperial/EE/4thYear/HighPerformanceComputing/hpce-2015-cw4/include", "/Users/aaronsheah/Dropbox/Imperial/EE/4thYear/HighPerformanceComputing/hpce-2015-cw4/opencl_sdk/include", );
				INSTALL_PATH = "";
				OTHER_LDFLAGS = " ";
				OTHER_REZFLAGS = "";
				PRODUCT_NAME = ALL_BUILD;
				SECTORDER_FLAGS = "";
				SYMROOT = "/Users/aaronsheah/Dropbox/Imperial/EE/4thYear/HighPerformanceComputing/hpce-2015-cw4/bin";
				USE_HEADERMAP = NO;
				WARNING_CFLAGS = ("-Wmost", "-Wno-four-char-constants", "-Wno-unknown-pragmas", "$(inherited)", );
			};
			name = RelWithDebInfo;
		};
		068C253CE22642FAA37D3EA6 /* MinSizeRel */ = {
			isa = XCBuildConfiguration;
			buildSettings = {
				COMBINE_HIDPI_IMAGES = YES;
				EXECUTABLE_PREFIX = "";
				EXECUTABLE_SUFFIX = "";
				GCC_GENERATE_DEBUGGING_SYMBOLS = NO;
				GCC_INLINES_ARE_PRIVATE_EXTERN = NO;
				GCC_OPTIMIZATION_LEVEL = s;
				GCC_PREPROCESSOR_DEFINITIONS = ("'CMAKE_INTDIR=\"$(CONFIGURATION)$(EFFECTIVE_PLATFORM_NAME)\"'", );
				GCC_SYMBOLS_PRIVATE_EXTERN = NO;
				HEADER_SEARCH_PATHS = ("/Users/aaronsheah/Dropbox/Imperial/EE/4thYear/HighPerformanceComputing/hpce-2015-cw4/include", "/Users/aaronsheah/Dropbox/Imperial/EE/4thYear/HighPerformanceComputing/hpce-2015-cw4/opencl_sdk/include", );
				INSTALL_PATH = "";
				LIBRARY_SEARCH_PATHS = "";
				OTHER_CPLUSPLUSFLAGS = "-Wall -std=c++11 -o2     -DNDEBUG  ";
				OTHER_LDFLAGS = " -Wl,-search_paths_first -Wl,-headerpad_max_install_names  -framework OpenCL";
				OTHER_REZFLAGS = "";
				PRODUCT_NAME = step_world;
				SECTORDER_FLAGS = "";
				SYMROOT = "/Users/aaronsheah/Dropbox/Imperial/EE/4thYear/HighPerformanceComputing/hpce-2015-cw4/bin";
				USE_HEADERMAP = NO;
				WARNING_CFLAGS = ("-Wmost", "-Wno-four-char-constants", "-Wno-unknown-pragmas", "$(inherited)", );
			};
			name = MinSizeRel;
		};
		080DA71DDD814DF7948FFF3F /* RelWithDebInfo */ = {
			isa = XCBuildConfiguration;
			buildSettings = {
				COMBINE_HIDPI_IMAGES = YES;
				GCC_GENERATE_DEBUGGING_SYMBOLS = YES;
				GCC_INLINES_ARE_PRIVATE_EXTERN = NO;
				GCC_OPTIMIZATION_LEVEL = 0;
				GCC_PREPROCESSOR_DEFINITIONS = ("'CMAKE_INTDIR=\"$(CONFIGURATION)$(EFFECTIVE_PLATFORM_NAME)\"'", );
				GCC_SYMBOLS_PRIVATE_EXTERN = NO;
				HEADER_SEARCH_PATHS = ("/Users/aaronsheah/Dropbox/Imperial/EE/4thYear/HighPerformanceComputing/hpce-2015-cw4/include", "/Users/aaronsheah/Dropbox/Imperial/EE/4thYear/HighPerformanceComputing/hpce-2015-cw4/opencl_sdk/include", );
				INSTALL_PATH = "";
				OTHER_LDFLAGS = " ";
				OTHER_REZFLAGS = "";
				PRODUCT_NAME = ZERO_CHECK;
				SECTORDER_FLAGS = "";
				SYMROOT = "/Users/aaronsheah/Dropbox/Imperial/EE/4thYear/HighPerformanceComputing/hpce-2015-cw4/bin";
				USE_HEADERMAP = NO;
				WARNING_CFLAGS = ("-Wmost", "-Wno-four-char-constants", "-Wno-unknown-pragmas", "$(inherited)", );
			};
			name = RelWithDebInfo;
		};
		198F6214204B44BBB68E9495 /* MinSizeRel */ = {
			isa = XCBuildConfiguration;
			buildSettings = {
				COMBINE_HIDPI_IMAGES = YES;
				EXECUTABLE_PREFIX = "";
				EXECUTABLE_SUFFIX = "";
				GCC_GENERATE_DEBUGGING_SYMBOLS = NO;
				GCC_INLINES_ARE_PRIVATE_EXTERN = NO;
				GCC_OPTIMIZATION_LEVEL = s;
				GCC_PREPROCESSOR_DEFINITIONS = ("'CMAKE_INTDIR=\"$(CONFIGURATION)$(EFFECTIVE_PLATFORM_NAME)\"'", );
				GCC_SYMBOLS_PRIVATE_EXTERN = NO;
				HEADER_SEARCH_PATHS = ("/Users/aaronsheah/Dropbox/Imperial/EE/4thYear/HighPerformanceComputing/hpce-2015-cw4/include", "/Users/aaronsheah/Dropbox/Imperial/EE/4thYear/HighPerformanceComputing/hpce-2015-cw4/opencl_sdk/include", );
				INSTALL_PATH = "";
				LIBRARY_SEARCH_PATHS = "";
				OTHER_CPLUSPLUSFLAGS = "-Wall -std=c++11 -o2     -DNDEBUG  ";
				OTHER_LDFLAGS = " -Wl,-search_paths_first -Wl,-headerpad_max_install_names  -framework OpenCL";
				OTHER_REZFLAGS = "";
				PRODUCT_NAME = test_opencl;
				SECTORDER_FLAGS = "";
				SYMROOT = "/Users/aaronsheah/Dropbox/Imperial/EE/4thYear/HighPerformanceComputing/hpce-2015-cw4/bin";
				USE_HEADERMAP = NO;
				WARNING_CFLAGS = ("-Wmost", "-Wno-four-char-constants", "-Wno-unknown-pragmas", "$(inherited)", );
			};
			name = MinSizeRel;
		};
		1A370B670DAF4FC0A76A58DB /* MinSizeRel */ = {
			isa = XCBuildConfiguration;
			buildSettings = {
				COMBINE_HIDPI_IMAGES = YES;
				EXECUTABLE_PREFIX = "";
				EXECUTABLE_SUFFIX = "";
				GCC_GENERATE_DEBUGGING_SYMBOLS = NO;
				GCC_INLINES_ARE_PRIVATE_EXTERN = NO;
				GCC_OPTIMIZATION_LEVEL = s;
				GCC_PREPROCESSOR_DEFINITIONS = ("'CMAKE_INTDIR=\"$(CONFIGURATION)$(EFFECTIVE_PLATFORM_NAME)\"'", );
				GCC_SYMBOLS_PRIVATE_EXTERN = NO;
				HEADER_SEARCH_PATHS = ("/Users/aaronsheah/Dropbox/Imperial/EE/4thYear/HighPerformanceComputing/hpce-2015-cw4/include", "/Users/aaronsheah/Dropbox/Imperial/EE/4thYear/HighPerformanceComputing/hpce-2015-cw4/opencl_sdk/include", );
				INSTALL_PATH = "";
				LIBRARY_SEARCH_PATHS = "";
				OTHER_CPLUSPLUSFLAGS = "-Wall -std=c++11 -o2     -DNDEBUG  ";
				OTHER_LDFLAGS = " -Wl,-search_paths_first -Wl,-headerpad_max_install_names  -framework OpenCL";
				OTHER_REZFLAGS = "";
				PRODUCT_NAME = make_world;
				SECTORDER_FLAGS = "";
				SYMROOT = "/Users/aaronsheah/Dropbox/Imperial/EE/4thYear/HighPerformanceComputing/hpce-2015-cw4/bin";
				USE_HEADERMAP = NO;
				WARNING_CFLAGS = ("-Wmost", "-Wno-four-char-constants", "-Wno-unknown-pragmas", "$(inherited)", );
			};
			name = MinSizeRel;
		};
		209180CB718D4AD299175A3F /* Release */ = {
			isa = XCBuildConfiguration;
			buildSettings = {
				COMBINE_HIDPI_IMAGES = YES;
				GCC_GENERATE_DEBUGGING_SYMBOLS = YES;
				GCC_INLINES_ARE_PRIVATE_EXTERN = NO;
				GCC_OPTIMIZATION_LEVEL = 0;
				GCC_PREPROCESSOR_DEFINITIONS = ("'CMAKE_INTDIR=\"$(CONFIGURATION)$(EFFECTIVE_PLATFORM_NAME)\"'", );
				GCC_SYMBOLS_PRIVATE_EXTERN = NO;
				HEADER_SEARCH_PATHS = ("/Users/aaronsheah/Dropbox/Imperial/EE/4thYear/HighPerformanceComputing/hpce-2015-cw4/include", "/Users/aaronsheah/Dropbox/Imperial/EE/4thYear/HighPerformanceComputing/hpce-2015-cw4/opencl_sdk/include", );
				INSTALL_PATH = "";
				OTHER_LDFLAGS = " ";
				OTHER_REZFLAGS = "";
				PRODUCT_NAME = ALL_BUILD;
				SECTORDER_FLAGS = "";
				SYMROOT = "/Users/aaronsheah/Dropbox/Imperial/EE/4thYear/HighPerformanceComputing/hpce-2015-cw4/bin";
				USE_HEADERMAP = NO;
				WARNING_CFLAGS = ("-Wmost", "-Wno-four-char-constants", "-Wno-unknown-pragmas", "$(inherited)", );
			};
			name = Release;
		};
		217CB869759C4010A2E7B3E8 /* MinSizeRel */ = {
			isa = XCBuildConfiguration;
			buildSettings = {
				ONLY_ACTIVE_ARCH = YES;
				SDKROOT = /Applications/Xcode.app/Contents/Developer/Platforms/MacOSX.platform/Developer/SDKs/MacOSX10.11.sdk;
				SYMROOT = "/Users/aaronsheah/Dropbox/Imperial/EE/4thYear/HighPerformanceComputing/hpce-2015-cw4/bin/build";
			};
			name = MinSizeRel;
		};
		27A84848A01E47DCB767382B /* Release */ = {
			isa = XCBuildConfiguration;
			buildSettings = {
				COMBINE_HIDPI_IMAGES = YES;
				EXECUTABLE_PREFIX = "";
				EXECUTABLE_SUFFIX = "";
				GCC_GENERATE_DEBUGGING_SYMBOLS = NO;
				GCC_INLINES_ARE_PRIVATE_EXTERN = NO;
				GCC_OPTIMIZATION_LEVEL = 3;
				GCC_PREPROCESSOR_DEFINITIONS = ("'CMAKE_INTDIR=\"$(CONFIGURATION)$(EFFECTIVE_PLATFORM_NAME)\"'", );
				GCC_SYMBOLS_PRIVATE_EXTERN = NO;
				HEADER_SEARCH_PATHS = ("/Users/aaronsheah/Dropbox/Imperial/EE/4thYear/HighPerformanceComputing/hpce-2015-cw4/include", "/Users/aaronsheah/Dropbox/Imperial/EE/4thYear/HighPerformanceComputing/hpce-2015-cw4/opencl_sdk/include", );
				INSTALL_PATH = "";
				LIBRARY_SEARCH_PATHS = "";
				OTHER_CPLUSPLUSFLAGS = "-Wall -std=c++11 -o2     -DNDEBUG  ";
				OTHER_LDFLAGS = " -Wl,-search_paths_first -Wl,-headerpad_max_install_names  -framework OpenCL";
				OTHER_REZFLAGS = "";
				PRODUCT_NAME = step_world;
				SECTORDER_FLAGS = "";
				SYMROOT = "/Users/aaronsheah/Dropbox/Imperial/EE/4thYear/HighPerformanceComputing/hpce-2015-cw4/bin";
				USE_HEADERMAP = NO;
				WARNING_CFLAGS = ("-Wmost", "-Wno-four-char-constants", "-Wno-unknown-pragmas", "$(inherited)", );
			};
			name = Release;
		};
		3027DB70AD6B41AF86796F55 /* Release */ = {
			isa = XCBuildConfiguration;
			buildSettings = {
				COMBINE_HIDPI_IMAGES = YES;
				EXECUTABLE_PREFIX = "";
				EXECUTABLE_SUFFIX = "";
				GCC_GENERATE_DEBUGGING_SYMBOLS = NO;
				GCC_INLINES_ARE_PRIVATE_EXTERN = NO;
				GCC_OPTIMIZATION_LEVEL = 3;
				GCC_PREPROCESSOR_DEFINITIONS = ("'CMAKE_INTDIR=\"$(CONFIGURATION)$(EFFECTIVE_PLATFORM_NAME)\"'", );
				GCC_SYMBOLS_PRIVATE_EXTERN = NO;
				HEADER_SEARCH_PATHS = ("/Users/aaronsheah/Dropbox/Imperial/EE/4thYear/HighPerformanceComputing/hpce-2015-cw4/include", "/Users/aaronsheah/Dropbox/Imperial/EE/4thYear/HighPerformanceComputing/hpce-2015-cw4/opencl_sdk/include", );
				INSTALL_PATH = "";
				LIBRARY_SEARCH_PATHS = "";
				OTHER_CPLUSPLUSFLAGS = "-Wall -std=c++11 -o2     -DNDEBUG  ";
				OTHER_LDFLAGS = " -Wl,-search_paths_first -Wl,-headerpad_max_install_names  -framework OpenCL";
				OTHER_REZFLAGS = "";
				PRODUCT_NAME = make_world;
				SECTORDER_FLAGS = "";
				SYMROOT = "/Users/aaronsheah/Dropbox/Imperial/EE/4thYear/HighPerformanceComputing/hpce-2015-cw4/bin";
				USE_HEADERMAP = NO;
				WARNING_CFLAGS = ("-Wmost", "-Wno-four-char-constants", "-Wno-unknown-pragmas", "$(inherited)", );
			};
			name = Release;
		};
		35835DDBE2974DCA9BC89155 /* Release */ = {
			isa = XCBuildConfiguration;
			buildSettings = {
				COMBINE_HIDPI_IMAGES = YES;
				GCC_GENERATE_DEBUGGING_SYMBOLS = YES;
				GCC_INLINES_ARE_PRIVATE_EXTERN = NO;
				GCC_OPTIMIZATION_LEVEL = 0;
				GCC_PREPROCESSOR_DEFINITIONS = ("'CMAKE_INTDIR=\"$(CONFIGURATION)$(EFFECTIVE_PLATFORM_NAME)\"'", );
				GCC_SYMBOLS_PRIVATE_EXTERN = NO;
				HEADER_SEARCH_PATHS = ("/Users/aaronsheah/Dropbox/Imperial/EE/4thYear/HighPerformanceComputing/hpce-2015-cw4/include", "/Users/aaronsheah/Dropbox/Imperial/EE/4thYear/HighPerformanceComputing/hpce-2015-cw4/opencl_sdk/include", );
				INSTALL_PATH = "";
				OTHER_LDFLAGS = " ";
				OTHER_REZFLAGS = "";
				PRODUCT_NAME = ZERO_CHECK;
				SECTORDER_FLAGS = "";
				SYMROOT = "/Users/aaronsheah/Dropbox/Imperial/EE/4thYear/HighPerformanceComputing/hpce-2015-cw4/bin";
				USE_HEADERMAP = NO;
				WARNING_CFLAGS = ("-Wmost", "-Wno-four-char-constants", "-Wno-unknown-pragmas", "$(inherited)", );
			};
			name = Release;
		};
		37696614535D4DCA994D3685 /* Debug */ = {
			isa = XCBuildConfiguration;
			buildSettings = {
				ONLY_ACTIVE_ARCH = YES;
				SDKROOT = /Applications/Xcode.app/Contents/Developer/Platforms/MacOSX.platform/Developer/SDKs/MacOSX10.11.sdk;
				SYMROOT = "/Users/aaronsheah/Dropbox/Imperial/EE/4thYear/HighPerformanceComputing/hpce-2015-cw4/bin/build";
			};
			name = Debug;
		};
		45CE987F419B4073B2E9F1F7 /* Release */ = {
			isa = XCBuildConfiguration;
			buildSettings = {
				COMBINE_HIDPI_IMAGES = YES;
				EXECUTABLE_PREFIX = "";
				EXECUTABLE_SUFFIX = "";
				GCC_GENERATE_DEBUGGING_SYMBOLS = NO;
				GCC_INLINES_ARE_PRIVATE_EXTERN = NO;
				GCC_OPTIMIZATION_LEVEL = 3;
				GCC_PREPROCESSOR_DEFINITIONS = ("'CMAKE_INTDIR=\"$(CONFIGURATION)$(EFFECTIVE_PLATFORM_NAME)\"'", );
				GCC_SYMBOLS_PRIVATE_EXTERN = NO;
				HEADER_SEARCH_PATHS = ("/Users/aaronsheah/Dropbox/Imperial/EE/4thYear/HighPerformanceComputing/hpce-2015-cw4/include", "/Users/aaronsheah/Dropbox/Imperial/EE/4thYear/HighPerformanceComputing/hpce-2015-cw4/opencl_sdk/include", );
				INSTALL_PATH = "";
				LIBRARY_SEARCH_PATHS = "";
				OTHER_CPLUSPLUSFLAGS = "-Wall -std=c++11 -o2     -DNDEBUG  ";
				OTHER_LDFLAGS = " -Wl,-search_paths_first -Wl,-headerpad_max_install_names  -framework OpenCL";
				OTHER_REZFLAGS = "";
				PRODUCT_NAME = render_world;
				SECTORDER_FLAGS = "";
				SYMROOT = "/Users/aaronsheah/Dropbox/Imperial/EE/4thYear/HighPerformanceComputing/hpce-2015-cw4/bin";
				USE_HEADERMAP = NO;
				WARNING_CFLAGS = ("-Wmost", "-Wno-four-char-constants", "-Wno-unknown-pragmas", "$(inherited)", );
			};
			name = Release;
		};
		58AEFB31598C48D895B1FAC6 /* MinSizeRel */ = {
			isa = XCBuildConfiguration;
			buildSettings = {
				COMBINE_HIDPI_IMAGES = YES;
				GCC_GENERATE_DEBUGGING_SYMBOLS = YES;
				GCC_INLINES_ARE_PRIVATE_EXTERN = NO;
				GCC_OPTIMIZATION_LEVEL = 0;
				GCC_PREPROCESSOR_DEFINITIONS = ("'CMAKE_INTDIR=\"$(CONFIGURATION)$(EFFECTIVE_PLATFORM_NAME)\"'", );
				GCC_SYMBOLS_PRIVATE_EXTERN = NO;
				HEADER_SEARCH_PATHS = ("/Users/aaronsheah/Dropbox/Imperial/EE/4thYear/HighPerformanceComputing/hpce-2015-cw4/include", "/Users/aaronsheah/Dropbox/Imperial/EE/4thYear/HighPerformanceComputing/hpce-2015-cw4/opencl_sdk/include", );
				INSTALL_PATH = "";
				OTHER_LDFLAGS = " ";
				OTHER_REZFLAGS = "";
				PRODUCT_NAME = ALL_BUILD;
				SECTORDER_FLAGS = "";
				SYMROOT = "/Users/aaronsheah/Dropbox/Imperial/EE/4thYear/HighPerformanceComputing/hpce-2015-cw4/bin";
				USE_HEADERMAP = NO;
				WARNING_CFLAGS = ("-Wmost", "-Wno-four-char-constants", "-Wno-unknown-pragmas", "$(inherited)", );
			};
			name = MinSizeRel;
		};
		5E84F9F9248A4806A0124AF0 /* RelWithDebInfo */ = {
			isa = XCBuildConfiguration;
			buildSettings = {
				ONLY_ACTIVE_ARCH = YES;
				SDKROOT = /Applications/Xcode.app/Contents/Developer/Platforms/MacOSX.platform/Developer/SDKs/MacOSX10.11.sdk;
				SYMROOT = "/Users/aaronsheah/Dropbox/Imperial/EE/4thYear/HighPerformanceComputing/hpce-2015-cw4/bin/build";
			};
			name = RelWithDebInfo;
		};
		6FC6B5F3B5294A998ED2CF3F /* RelWithDebInfo */ = {
			isa = XCBuildConfiguration;
			buildSettings = {
				COMBINE_HIDPI_IMAGES = YES;
				EXECUTABLE_PREFIX = "";
				EXECUTABLE_SUFFIX = "";
				GCC_GENERATE_DEBUGGING_SYMBOLS = YES;
				GCC_INLINES_ARE_PRIVATE_EXTERN = NO;
				GCC_OPTIMIZATION_LEVEL = 2;
				GCC_PREPROCESSOR_DEFINITIONS = ("'CMAKE_INTDIR=\"$(CONFIGURATION)$(EFFECTIVE_PLATFORM_NAME)\"'", );
				GCC_SYMBOLS_PRIVATE_EXTERN = NO;
				HEADER_SEARCH_PATHS = ("/Users/aaronsheah/Dropbox/Imperial/EE/4thYear/HighPerformanceComputing/hpce-2015-cw4/include", "/Users/aaronsheah/Dropbox/Imperial/EE/4thYear/HighPerformanceComputing/hpce-2015-cw4/opencl_sdk/include", );
				INSTALL_PATH = "";
				LIBRARY_SEARCH_PATHS = "";
				OTHER_CPLUSPLUSFLAGS = "-Wall -std=c++11 -o2        -DNDEBUG  ";
				OTHER_LDFLAGS = " -Wl,-search_paths_first -Wl,-headerpad_max_install_names  -framework OpenCL";
				OTHER_REZFLAGS = "";
				PRODUCT_NAME = render_world;
				SECTORDER_FLAGS = "";
				SYMROOT = "/Users/aaronsheah/Dropbox/Imperial/EE/4thYear/HighPerformanceComputing/hpce-2015-cw4/bin";
				USE_HEADERMAP = NO;
				WARNING_CFLAGS = ("-Wmost", "-Wno-four-char-constants", "-Wno-unknown-pragmas", "$(inherited)", );
			};
			name = RelWithDebInfo;
		};
		80F07E7AEB9A446AAC91A6D0 /* Release */ = {
			isa = XCBuildConfiguration;
			buildSettings = {
				COMBINE_HIDPI_IMAGES = YES;
				EXECUTABLE_PREFIX = "";
				EXECUTABLE_SUFFIX = "";
				GCC_GENERATE_DEBUGGING_SYMBOLS = NO;
				GCC_INLINES_ARE_PRIVATE_EXTERN = NO;
				GCC_OPTIMIZATION_LEVEL = 3;
				GCC_PREPROCESSOR_DEFINITIONS = ("'CMAKE_INTDIR=\"$(CONFIGURATION)$(EFFECTIVE_PLATFORM_NAME)\"'", );
				GCC_SYMBOLS_PRIVATE_EXTERN = NO;
				HEADER_SEARCH_PATHS = ("/Users/aaronsheah/Dropbox/Imperial/EE/4thYear/HighPerformanceComputing/hpce-2015-cw4/include", "/Users/aaronsheah/Dropbox/Imperial/EE/4thYear/HighPerformanceComputing/hpce-2015-cw4/opencl_sdk/include", );
				INSTALL_PATH = "";
				LIBRARY_SEARCH_PATHS = "";
				OTHER_CPLUSPLUSFLAGS = "-Wall -std=c++11 -o2     -DNDEBUG  ";
				OTHER_LDFLAGS = " -Wl,-search_paths_first -Wl,-headerpad_max_install_names  -framework OpenCL";
				OTHER_REZFLAGS = "";
				PRODUCT_NAME = test_opencl;
				SECTORDER_FLAGS = "";
				SYMROOT = "/Users/aaronsheah/Dropbox/Imperial/EE/4thYear/HighPerformanceComputing/hpce-2015-cw4/bin";
				USE_HEADERMAP = NO;
				WARNING_CFLAGS = ("-Wmost", "-Wno-four-char-constants", "-Wno-unknown-pragmas", "$(inherited)", );
			};
			name = Release;
		};
		8AA6C8A0CBB84806B856981B /* MinSizeRel */ = {
			isa = XCBuildConfiguration;
			buildSettings = {
				COMBINE_HIDPI_IMAGES = YES;
				GCC_GENERATE_DEBUGGING_SYMBOLS = YES;
				GCC_INLINES_ARE_PRIVATE_EXTERN = NO;
				GCC_OPTIMIZATION_LEVEL = 0;
				GCC_PREPROCESSOR_DEFINITIONS = ("'CMAKE_INTDIR=\"$(CONFIGURATION)$(EFFECTIVE_PLATFORM_NAME)\"'", );
				GCC_SYMBOLS_PRIVATE_EXTERN = NO;
				HEADER_SEARCH_PATHS = ("/Users/aaronsheah/Dropbox/Imperial/EE/4thYear/HighPerformanceComputing/hpce-2015-cw4/include", "/Users/aaronsheah/Dropbox/Imperial/EE/4thYear/HighPerformanceComputing/hpce-2015-cw4/opencl_sdk/include", );
				INSTALL_PATH = "";
				OTHER_LDFLAGS = " ";
				OTHER_REZFLAGS = "";
				PRODUCT_NAME = ZERO_CHECK;
				SECTORDER_FLAGS = "";
				SYMROOT = "/Users/aaronsheah/Dropbox/Imperial/EE/4thYear/HighPerformanceComputing/hpce-2015-cw4/bin";
				USE_HEADERMAP = NO;
				WARNING_CFLAGS = ("-Wmost", "-Wno-four-char-constants", "-Wno-unknown-pragmas", "$(inherited)", );
			};
			name = MinSizeRel;
		};
		8CA2FF652E2F46BCB55192F5 /* Debug */ = {
			isa = XCBuildConfiguration;
			buildSettings = {
				COMBINE_HIDPI_IMAGES = YES;
				EXECUTABLE_PREFIX = "";
				EXECUTABLE_SUFFIX = "";
				GCC_GENERATE_DEBUGGING_SYMBOLS = YES;
				GCC_INLINES_ARE_PRIVATE_EXTERN = NO;
				GCC_OPTIMIZATION_LEVEL = 0;
				GCC_PREPROCESSOR_DEFINITIONS = ("'CMAKE_INTDIR=\"$(CONFIGURATION)$(EFFECTIVE_PLATFORM_NAME)\"'", );
				GCC_SYMBOLS_PRIVATE_EXTERN = NO;
				HEADER_SEARCH_PATHS = ("/Users/aaronsheah/Dropbox/Imperial/EE/4thYear/HighPerformanceComputing/hpce-2015-cw4/include", "/Users/aaronsheah/Dropbox/Imperial/EE/4thYear/HighPerformanceComputing/hpce-2015-cw4/opencl_sdk/include", );
				INSTALL_PATH = "";
				LIBRARY_SEARCH_PATHS = "";
				OTHER_CPLUSPLUSFLAGS = "-Wall -std=c++11 -o2     ";
				OTHER_LDFLAGS = " -Wl,-search_paths_first -Wl,-headerpad_max_install_names  -framework OpenCL";
				OTHER_REZFLAGS = "";
				PRODUCT_NAME = render_world;
				SECTORDER_FLAGS = "";
				SYMROOT = "/Users/aaronsheah/Dropbox/Imperial/EE/4thYear/HighPerformanceComputing/hpce-2015-cw4/bin";
				USE_HEADERMAP = NO;
				WARNING_CFLAGS = ("-Wmost", "-Wno-four-char-constants", "-Wno-unknown-pragmas", "$(inherited)", );
			};
			name = Debug;
		};
		93B7CAC5350848BDA33B9CD2 /* Release */ = {
			isa = XCBuildConfiguration;
			buildSettings = {
				ONLY_ACTIVE_ARCH = YES;
				SDKROOT = /Applications/Xcode.app/Contents/Developer/Platforms/MacOSX.platform/Developer/SDKs/MacOSX10.11.sdk;
				SYMROOT = "/Users/aaronsheah/Dropbox/Imperial/EE/4thYear/HighPerformanceComputing/hpce-2015-cw4/bin/build";
			};
			name = Release;
		};
		9AF215D7520C42B891B1EE2F /* RelWithDebInfo */ = {
			isa = XCBuildConfiguration;
			buildSettings = {
				COMBINE_HIDPI_IMAGES = YES;
				EXECUTABLE_PREFIX = "";
				EXECUTABLE_SUFFIX = "";
				GCC_GENERATE_DEBUGGING_SYMBOLS = YES;
				GCC_INLINES_ARE_PRIVATE_EXTERN = NO;
				GCC_OPTIMIZATION_LEVEL = 2;
				GCC_PREPROCESSOR_DEFINITIONS = ("'CMAKE_INTDIR=\"$(CONFIGURATION)$(EFFECTIVE_PLATFORM_NAME)\"'", );
				GCC_SYMBOLS_PRIVATE_EXTERN = NO;
				HEADER_SEARCH_PATHS = ("/Users/aaronsheah/Dropbox/Imperial/EE/4thYear/HighPerformanceComputing/hpce-2015-cw4/include", "/Users/aaronsheah/Dropbox/Imperial/EE/4thYear/HighPerformanceComputing/hpce-2015-cw4/opencl_sdk/include", );
				INSTALL_PATH = "";
				LIBRARY_SEARCH_PATHS = "";
				OTHER_CPLUSPLUSFLAGS = "-Wall -std=c++11 -o2        -DNDEBUG  ";
				OTHER_LDFLAGS = " -Wl,-search_paths_first -Wl,-headerpad_max_install_names  -framework OpenCL";
				OTHER_REZFLAGS = "";
				PRODUCT_NAME = test_opencl;
				SECTORDER_FLAGS = "";
				SYMROOT = "/Users/aaronsheah/Dropbox/Imperial/EE/4thYear/HighPerformanceComputing/hpce-2015-cw4/bin";
				USE_HEADERMAP = NO;
				WARNING_CFLAGS = ("-Wmost", "-Wno-four-char-constants", "-Wno-unknown-pragmas", "$(inherited)", );
			};
			name = RelWithDebInfo;
		};
		A33D12165FF34780AD8D98D6 /* Debug */ = {
			isa = XCBuildConfiguration;
			buildSettings = {
				COMBINE_HIDPI_IMAGES = YES;
				EXECUTABLE_PREFIX = "";
				EXECUTABLE_SUFFIX = "";
				GCC_GENERATE_DEBUGGING_SYMBOLS = YES;
				GCC_INLINES_ARE_PRIVATE_EXTERN = NO;
				GCC_OPTIMIZATION_LEVEL = 0;
				GCC_PREPROCESSOR_DEFINITIONS = ("'CMAKE_INTDIR=\"$(CONFIGURATION)$(EFFECTIVE_PLATFORM_NAME)\"'", );
				GCC_SYMBOLS_PRIVATE_EXTERN = NO;
				HEADER_SEARCH_PATHS = ("/Users/aaronsheah/Dropbox/Imperial/EE/4thYear/HighPerformanceComputing/hpce-2015-cw4/include", "/Users/aaronsheah/Dropbox/Imperial/EE/4thYear/HighPerformanceComputing/hpce-2015-cw4/opencl_sdk/include", );
				INSTALL_PATH = "";
				LIBRARY_SEARCH_PATHS = "";
				OTHER_CPLUSPLUSFLAGS = "-Wall -std=c++11 -o2     ";
				OTHER_LDFLAGS = " -Wl,-search_paths_first -Wl,-headerpad_max_install_names  -framework OpenCL";
				OTHER_REZFLAGS = "";
				PRODUCT_NAME = test_opencl;
				SECTORDER_FLAGS = "";
				SYMROOT = "/Users/aaronsheah/Dropbox/Imperial/EE/4thYear/HighPerformanceComputing/hpce-2015-cw4/bin";
				USE_HEADERMAP = NO;
				WARNING_CFLAGS = ("-Wmost", "-Wno-four-char-constants", "-Wno-unknown-pragmas", "$(inherited)", );
			};
			name = Debug;
		};
		A78D8B13E9C245ACB3FAB0D8 /* RelWithDebInfo */ = {
			isa = XCBuildConfiguration;
			buildSettings = {
				COMBINE_HIDPI_IMAGES = YES;
				EXECUTABLE_PREFIX = "";
				EXECUTABLE_SUFFIX = "";
				GCC_GENERATE_DEBUGGING_SYMBOLS = YES;
				GCC_INLINES_ARE_PRIVATE_EXTERN = NO;
				GCC_OPTIMIZATION_LEVEL = 2;
				GCC_PREPROCESSOR_DEFINITIONS = ("'CMAKE_INTDIR=\"$(CONFIGURATION)$(EFFECTIVE_PLATFORM_NAME)\"'", );
				GCC_SYMBOLS_PRIVATE_EXTERN = NO;
				HEADER_SEARCH_PATHS = ("/Users/aaronsheah/Dropbox/Imperial/EE/4thYear/HighPerformanceComputing/hpce-2015-cw4/include", "/Users/aaronsheah/Dropbox/Imperial/EE/4thYear/HighPerformanceComputing/hpce-2015-cw4/opencl_sdk/include", );
				INSTALL_PATH = "";
				LIBRARY_SEARCH_PATHS = "";
				OTHER_CPLUSPLUSFLAGS = "-Wall -std=c++11 -o2        -DNDEBUG  ";
				OTHER_LDFLAGS = " -Wl,-search_paths_first -Wl,-headerpad_max_install_names  -framework OpenCL";
				OTHER_REZFLAGS = "";
				PRODUCT_NAME = step_world;
				SECTORDER_FLAGS = "";
				SYMROOT = "/Users/aaronsheah/Dropbox/Imperial/EE/4thYear/HighPerformanceComputing/hpce-2015-cw4/bin";
				USE_HEADERMAP = NO;
				WARNING_CFLAGS = ("-Wmost", "-Wno-four-char-constants", "-Wno-unknown-pragmas", "$(inherited)", );
			};
			name = RelWithDebInfo;
		};
		BF5B96F49FF04FAA9FEDC457 /* Debug */ = {
			isa = XCBuildConfiguration;
			buildSettings = {
				COMBINE_HIDPI_IMAGES = YES;
				EXECUTABLE_PREFIX = "";
				EXECUTABLE_SUFFIX = "";
				GCC_GENERATE_DEBUGGING_SYMBOLS = YES;
				GCC_INLINES_ARE_PRIVATE_EXTERN = NO;
				GCC_OPTIMIZATION_LEVEL = 0;
				GCC_PREPROCESSOR_DEFINITIONS = ("'CMAKE_INTDIR=\"$(CONFIGURATION)$(EFFECTIVE_PLATFORM_NAME)\"'", );
				GCC_SYMBOLS_PRIVATE_EXTERN = NO;
				HEADER_SEARCH_PATHS = ("/Users/aaronsheah/Dropbox/Imperial/EE/4thYear/HighPerformanceComputing/hpce-2015-cw4/include", "/Users/aaronsheah/Dropbox/Imperial/EE/4thYear/HighPerformanceComputing/hpce-2015-cw4/opencl_sdk/include", );
				INSTALL_PATH = "";
				LIBRARY_SEARCH_PATHS = "";
				OTHER_CPLUSPLUSFLAGS = "-Wall -std=c++11 -o2     ";
				OTHER_LDFLAGS = " -Wl,-search_paths_first -Wl,-headerpad_max_install_names  -framework OpenCL";
				OTHER_REZFLAGS = "";
				PRODUCT_NAME = step_world;
				SECTORDER_FLAGS = "";
				SYMROOT = "/Users/aaronsheah/Dropbox/Imperial/EE/4thYear/HighPerformanceComputing/hpce-2015-cw4/bin";
				USE_HEADERMAP = NO;
				WARNING_CFLAGS = ("-Wmost", "-Wno-four-char-constants", "-Wno-unknown-pragmas", "$(inherited)", );
			};
			name = Debug;
		};
		C24FC502219C461BB06FA2B1 /* MinSizeRel */ = {
			isa = XCBuildConfiguration;
			buildSettings = {
				COMBINE_HIDPI_IMAGES = YES;
				EXECUTABLE_PREFIX = "";
				EXECUTABLE_SUFFIX = "";
				GCC_GENERATE_DEBUGGING_SYMBOLS = NO;
				GCC_INLINES_ARE_PRIVATE_EXTERN = NO;
				GCC_OPTIMIZATION_LEVEL = s;
				GCC_PREPROCESSOR_DEFINITIONS = ("'CMAKE_INTDIR=\"$(CONFIGURATION)$(EFFECTIVE_PLATFORM_NAME)\"'", );
				GCC_SYMBOLS_PRIVATE_EXTERN = NO;
				HEADER_SEARCH_PATHS = ("/Users/aaronsheah/Dropbox/Imperial/EE/4thYear/HighPerformanceComputing/hpce-2015-cw4/include", "/Users/aaronsheah/Dropbox/Imperial/EE/4thYear/HighPerformanceComputing/hpce-2015-cw4/opencl_sdk/include", );
				INSTALL_PATH = "";
				LIBRARY_SEARCH_PATHS = "";
				OTHER_CPLUSPLUSFLAGS = "-Wall -std=c++11 -o2     -DNDEBUG  ";
				OTHER_LDFLAGS = " -Wl,-search_paths_first -Wl,-headerpad_max_install_names  -framework OpenCL";
				OTHER_REZFLAGS = "";
				PRODUCT_NAME = render_world;
				SECTORDER_FLAGS = "";
				SYMROOT = "/Users/aaronsheah/Dropbox/Imperial/EE/4thYear/HighPerformanceComputing/hpce-2015-cw4/bin";
				USE_HEADERMAP = NO;
				WARNING_CFLAGS = ("-Wmost", "-Wno-four-char-constants", "-Wno-unknown-pragmas", "$(inherited)", );
			};
			name = MinSizeRel;
		};
		D2502166895040BB946A421B /* Debug */ = {
			isa = XCBuildConfiguration;
			buildSettings = {
				COMBINE_HIDPI_IMAGES = YES;
				GCC_GENERATE_DEBUGGING_SYMBOLS = YES;
				GCC_INLINES_ARE_PRIVATE_EXTERN = NO;
				GCC_OPTIMIZATION_LEVEL = 0;
				GCC_PREPROCESSOR_DEFINITIONS = ("'CMAKE_INTDIR=\"$(CONFIGURATION)$(EFFECTIVE_PLATFORM_NAME)\"'", );
				GCC_SYMBOLS_PRIVATE_EXTERN = NO;
				HEADER_SEARCH_PATHS = ("/Users/aaronsheah/Dropbox/Imperial/EE/4thYear/HighPerformanceComputing/hpce-2015-cw4/include", "/Users/aaronsheah/Dropbox/Imperial/EE/4thYear/HighPerformanceComputing/hpce-2015-cw4/opencl_sdk/include", );
				INSTALL_PATH = "";
				OTHER_LDFLAGS = " ";
				OTHER_REZFLAGS = "";
				PRODUCT_NAME = ZERO_CHECK;
				SECTORDER_FLAGS = "";
				SYMROOT = "/Users/aaronsheah/Dropbox/Imperial/EE/4thYear/HighPerformanceComputing/hpce-2015-cw4/bin";
				USE_HEADERMAP = NO;
				WARNING_CFLAGS = ("-Wmost", "-Wno-four-char-constants", "-Wno-unknown-pragmas", "$(inherited)", );
			};
			name = Debug;
		};
		E30AD6FC764448D38E632430 /* Debug */ = {
			isa = XCBuildConfiguration;
			buildSettings = {
				COMBINE_HIDPI_IMAGES = YES;
				GCC_GENERATE_DEBUGGING_SYMBOLS = YES;
				GCC_INLINES_ARE_PRIVATE_EXTERN = NO;
				GCC_OPTIMIZATION_LEVEL = 0;
				GCC_PREPROCESSOR_DEFINITIONS = ("'CMAKE_INTDIR=\"$(CONFIGURATION)$(EFFECTIVE_PLATFORM_NAME)\"'", );
				GCC_SYMBOLS_PRIVATE_EXTERN = NO;
				HEADER_SEARCH_PATHS = ("/Users/aaronsheah/Dropbox/Imperial/EE/4thYear/HighPerformanceComputing/hpce-2015-cw4/include", "/Users/aaronsheah/Dropbox/Imperial/EE/4thYear/HighPerformanceComputing/hpce-2015-cw4/opencl_sdk/include", );
				INSTALL_PATH = "";
				OTHER_LDFLAGS = " ";
				OTHER_REZFLAGS = "";
				PRODUCT_NAME = ALL_BUILD;
				SECTORDER_FLAGS = "";
				SYMROOT = "/Users/aaronsheah/Dropbox/Imperial/EE/4thYear/HighPerformanceComputing/hpce-2015-cw4/bin";
				USE_HEADERMAP = NO;
				WARNING_CFLAGS = ("-Wmost", "-Wno-four-char-constants", "-Wno-unknown-pragmas", "$(inherited)", );
			};
			name = Debug;
		};
		EF756B8FEACE4E41BD56FB4E /* RelWithDebInfo */ = {
			isa = XCBuildConfiguration;
			buildSettings = {
				COMBINE_HIDPI_IMAGES = YES;
				EXECUTABLE_PREFIX = "";
				EXECUTABLE_SUFFIX = "";
				GCC_GENERATE_DEBUGGING_SYMBOLS = YES;
				GCC_INLINES_ARE_PRIVATE_EXTERN = NO;
				GCC_OPTIMIZATION_LEVEL = 2;
				GCC_PREPROCESSOR_DEFINITIONS = ("'CMAKE_INTDIR=\"$(CONFIGURATION)$(EFFECTIVE_PLATFORM_NAME)\"'", );
				GCC_SYMBOLS_PRIVATE_EXTERN = NO;
				HEADER_SEARCH_PATHS = ("/Users/aaronsheah/Dropbox/Imperial/EE/4thYear/HighPerformanceComputing/hpce-2015-cw4/include", "/Users/aaronsheah/Dropbox/Imperial/EE/4thYear/HighPerformanceComputing/hpce-2015-cw4/opencl_sdk/include", );
				INSTALL_PATH = "";
				LIBRARY_SEARCH_PATHS = "";
				OTHER_CPLUSPLUSFLAGS = "-Wall -std=c++11 -o2        -DNDEBUG  ";
				OTHER_LDFLAGS = " -Wl,-search_paths_first -Wl,-headerpad_max_install_names  -framework OpenCL";
				OTHER_REZFLAGS = "";
				PRODUCT_NAME = make_world;
				SECTORDER_FLAGS = "";
				SYMROOT = "/Users/aaronsheah/Dropbox/Imperial/EE/4thYear/HighPerformanceComputing/hpce-2015-cw4/bin";
				USE_HEADERMAP = NO;
				WARNING_CFLAGS = ("-Wmost", "-Wno-four-char-constants", "-Wno-unknown-pragmas", "$(inherited)", );
			};
			name = RelWithDebInfo;
		};
		F310F3F56B89400BAA8A1F10 /* Debug */ = {
			isa = XCBuildConfiguration;
			buildSettings = {
				COMBINE_HIDPI_IMAGES = YES;
				EXECUTABLE_PREFIX = "";
				EXECUTABLE_SUFFIX = "";
				GCC_GENERATE_DEBUGGING_SYMBOLS = YES;
				GCC_INLINES_ARE_PRIVATE_EXTERN = NO;
				GCC_OPTIMIZATION_LEVEL = 0;
				GCC_PREPROCESSOR_DEFINITIONS = ("'CMAKE_INTDIR=\"$(CONFIGURATION)$(EFFECTIVE_PLATFORM_NAME)\"'", );
				GCC_SYMBOLS_PRIVATE_EXTERN = NO;
				HEADER_SEARCH_PATHS = ("/Users/aaronsheah/Dropbox/Imperial/EE/4thYear/HighPerformanceComputing/hpce-2015-cw4/include", "/Users/aaronsheah/Dropbox/Imperial/EE/4thYear/HighPerformanceComputing/hpce-2015-cw4/opencl_sdk/include", );
				INSTALL_PATH = "";
				LIBRARY_SEARCH_PATHS = "";
				OTHER_CPLUSPLUSFLAGS = "-Wall -std=c++11 -o2     ";
				OTHER_LDFLAGS = " -Wl,-search_paths_first -Wl,-headerpad_max_install_names  -framework OpenCL";
				OTHER_REZFLAGS = "";
				PRODUCT_NAME = make_world;
				SECTORDER_FLAGS = "";
				SYMROOT = "/Users/aaronsheah/Dropbox/Imperial/EE/4thYear/HighPerformanceComputing/hpce-2015-cw4/bin";
				USE_HEADERMAP = NO;
				WARNING_CFLAGS = ("-Wmost", "-Wno-four-char-constants", "-Wno-unknown-pragmas", "$(inherited)", );
			};
			name = Debug;
		};
/* End XCBuildConfiguration section */

/* Begin XCConfigurationList section */
		0A29B9FB755C4F9D8AC07C1B /* Build configuration list for PBXNativeTarget "make_world" */ = {
			isa = XCConfigurationList;
			buildConfigurations = (
				F310F3F56B89400BAA8A1F10 /* Debug */,
				3027DB70AD6B41AF86796F55 /* Release */,
				1A370B670DAF4FC0A76A58DB /* MinSizeRel */,
				EF756B8FEACE4E41BD56FB4E /* RelWithDebInfo */,
			);
			defaultConfigurationIsVisible = 0;
			defaultConfigurationName = Debug;
		};
		3926ED84630E496CAA889B3A /* Build configuration list for PBXNativeTarget "test_opencl" */ = {
			isa = XCConfigurationList;
			buildConfigurations = (
				A33D12165FF34780AD8D98D6 /* Debug */,
				80F07E7AEB9A446AAC91A6D0 /* Release */,
				198F6214204B44BBB68E9495 /* MinSizeRel */,
				9AF215D7520C42B891B1EE2F /* RelWithDebInfo */,
			);
			defaultConfigurationIsVisible = 0;
			defaultConfigurationName = Debug;
		};
		878EA6C8AA7A4B9CA3342DD5 /* Build configuration list for PBXAggregateTarget "ZERO_CHECK" */ = {
			isa = XCConfigurationList;
			buildConfigurations = (
				D2502166895040BB946A421B /* Debug */,
				35835DDBE2974DCA9BC89155 /* Release */,
				8AA6C8A0CBB84806B856981B /* MinSizeRel */,
				080DA71DDD814DF7948FFF3F /* RelWithDebInfo */,
			);
			defaultConfigurationIsVisible = 0;
			defaultConfigurationName = Debug;
		};
		8BD55697F4C7415798F1EBAC /* Build configuration list for PBXProject "HPCE-2015-CW4" */ = {
			isa = XCConfigurationList;
			buildConfigurations = (
				37696614535D4DCA994D3685 /* Debug */,
				93B7CAC5350848BDA33B9CD2 /* Release */,
				217CB869759C4010A2E7B3E8 /* MinSizeRel */,
				5E84F9F9248A4806A0124AF0 /* RelWithDebInfo */,
			);
			defaultConfigurationIsVisible = 0;
			defaultConfigurationName = Debug;
		};
		A2C745AAD17A4110BDD6C747 /* Build configuration list for PBXNativeTarget "step_world" */ = {
			isa = XCConfigurationList;
			buildConfigurations = (
				BF5B96F49FF04FAA9FEDC457 /* Debug */,
				27A84848A01E47DCB767382B /* Release */,
				068C253CE22642FAA37D3EA6 /* MinSizeRel */,
				A78D8B13E9C245ACB3FAB0D8 /* RelWithDebInfo */,
			);
			defaultConfigurationIsVisible = 0;
			defaultConfigurationName = Debug;
		};
		C372F693EE3040F6923C1384 /* Build configuration list for PBXAggregateTarget "ALL_BUILD" */ = {
			isa = XCConfigurationList;
			buildConfigurations = (
				E30AD6FC764448D38E632430 /* Debug */,
				209180CB718D4AD299175A3F /* Release */,
				58AEFB31598C48D895B1FAC6 /* MinSizeRel */,
				02DCFF261BBF4D0EB9F0EBAF /* RelWithDebInfo */,
			);
			defaultConfigurationIsVisible = 0;
			defaultConfigurationName = Debug;
		};
		D64BABB080454806BF24F3BC /* Build configuration list for PBXNativeTarget "render_world" */ = {
			isa = XCConfigurationList;
			buildConfigurations = (
				8CA2FF652E2F46BCB55192F5 /* Debug */,
				45CE987F419B4073B2E9F1F7 /* Release */,
				C24FC502219C461BB06FA2B1 /* MinSizeRel */,
				6FC6B5F3B5294A998ED2CF3F /* RelWithDebInfo */,
			);
			defaultConfigurationIsVisible = 0;
			defaultConfigurationName = Debug;
		};
/* End XCConfigurationList section */
	};
	rootObject = C980B2D19DF54225AF1E53C1 /* Project object */;
}
